
Microsoft Visual Studio Solution File, Format Version 12.00
# Visual Studio 15
VisualStudioVersion = 15.0.27004.2002
MinimumVisualStudioVersion = 10.0.40219.1
Project("{8BC9CEB8-8B4A-11D0-8D11-00A0C91BC942}") = "16Practica_16", "16Practica_16\16Practica_16.vcxproj", "{5DC5BEC7-7111-4487-AA06-ED3C53F738CC}"
EndProject
Global
	GlobalSection(SolutionConfigurationPlatforms) = preSolution
		Debug|x64 = Debug|x64
		Debug|x86 = Debug|x86
		Release|x64 = Release|x64
		Release|x86 = Release|x86
	EndGlobalSection
	GlobalSection(ProjectConfigurationPlatforms) = postSolution
		{5DC5BEC7-7111-4487-AA06-ED3C53F738CC}.Debug|x64.ActiveCfg = Debug|x64
		{5DC5BEC7-7111-4487-AA06-ED3C53F738CC}.Debug|x64.Build.0 = Debug|x64
		{5DC5BEC7-7111-4487-AA06-ED3C53F738CC}.Debug|x86.ActiveCfg = Debug|Win32
		{5DC5BEC7-7111-4487-AA06-ED3C53F738CC}.Debug|x86.Build.0 = Debug|Win32
		{5DC5BEC7-7111-4487-AA06-ED3C53F738CC}.Release|x64.ActiveCfg = Release|x64
		{5DC5BEC7-7111-4487-AA06-ED3C53F738CC}.Release|x64.Build.0 = Release|x64
		{5DC5BEC7-7111-4487-AA06-ED3C53F738CC}.Release|x86.ActiveCfg = Release|Win32
		{5DC5BEC7-7111-4487-AA06-ED3C53F738CC}.Release|x86.Build.0 = Release|Win32
	EndGlobalSection
	GlobalSection(SolutionProperties) = preSolution
		HideSolutionNode = FALSE
	EndGlobalSection
	GlobalSection(ExtensibilityGlobals) = postSolution
		SolutionGuid = {5FC0553C-5C1D-41A8-A525-4BFAD51B0381}
	EndGlobalSection
EndGlobal
